{
    "_meta": {
        "hash": {
            "sha256": "5f1438843082feca44b8702aeab54935634a3920275521f80606680740d530bc"
        },
        "pipfile-spec": 6,
        "requires": {
            "python_version": "3.8"
        },
        "sources": [
            {
                "name": "pypi",
                "url": "https://pypi.org/simple",
                "verify_ssl": true
            }
        ]
    },
    "default": {
        "aws-psycopg2": {
            "hashes": [
                "sha256:be3e186479c1ef1ff21ecf6f8e8260f96fb9380ceac3bfb084ccbc089bdeaa09",
                "sha256:f847bd1cb57830a6b4e3576d79cc67a528ea65aa77a4c7728f9c64dfbb14f91f"
            ],
            "index": "pypi",
            "version": "==1.3.8"
        },
        "src": {
            "editable": true,
            "path": "./src"
        }
    },
    "develop": {}
}
